
Microsoft Visual Studio Solution File, Format Version 12.00
# Visual Studio 15
VisualStudioVersion = 15.0.28010.2016
MinimumVisualStudioVersion = 10.0.40219.1
Project("{FAE04EC0-301F-11D3-BF4B-00C04F79EFBC}") = "DoublyLinkedList", "DoublyLinkedList\DoublyLinkedList.csproj", "{498C0395-2A2B-4BE7-BE5D-6AFC5902D9DA}"
EndProject
Project("{FAE04EC0-301F-11D3-BF4B-00C04F79EFBC}") = "DoublyLinkedListTests", "DoublyLinkedListTests\DoublyLinkedListTests.csproj", "{1EF9B37C-4753-45B8-A0B6-E40DB5DBA2C7}"
EndProject
Global
	GlobalSection(SolutionConfigurationPlatforms) = preSolution
		Debug|Any CPU = Debug|Any CPU
		Release|Any CPU = Release|Any CPU
	EndGlobalSection
	GlobalSection(ProjectConfigurationPlatforms) = postSolution
		{498C0395-2A2B-4BE7-BE5D-6AFC5902D9DA}.Debug|Any CPU.ActiveCfg = Debug|Any CPU
		{498C0395-2A2B-4BE7-BE5D-6AFC5902D9DA}.Debug|Any CPU.Build.0 = Debug|Any CPU
		{498C0395-2A2B-4BE7-BE5D-6AFC5902D9DA}.Release|Any CPU.ActiveCfg = Release|Any CPU
		{498C0395-2A2B-4BE7-BE5D-6AFC5902D9DA}.Release|Any CPU.Build.0 = Release|Any CPU
		{1EF9B37C-4753-45B8-A0B6-E40DB5DBA2C7}.Debug|Any CPU.ActiveCfg = Debug|Any CPU
		{1EF9B37C-4753-45B8-A0B6-E40DB5DBA2C7}.Debug|Any CPU.Build.0 = Debug|Any CPU
		{1EF9B37C-4753-45B8-A0B6-E40DB5DBA2C7}.Release|Any CPU.ActiveCfg = Release|Any CPU
		{1EF9B37C-4753-45B8-A0B6-E40DB5DBA2C7}.Release|Any CPU.Build.0 = Release|Any CPU
	EndGlobalSection
	GlobalSection(SolutionProperties) = preSolution
		HideSolutionNode = FALSE
	EndGlobalSection
	GlobalSection(ExtensibilityGlobals) = postSolution
		SolutionGuid = {F9BFEF14-787A-4FF7-9456-DB1AF61175A4}
	EndGlobalSection
EndGlobal
