
Microsoft Visual Studio Solution File, Format Version 12.00
# Visual Studio 15
VisualStudioVersion = 15.0.28010.2016
MinimumVisualStudioVersion = 10.0.40219.1
Project("{FAE04EC0-301F-11D3-BF4B-00C04F79EFBC}") = "RomanToInt", "RomanToInt\RomanToInt.csproj", "{0BD59453-B78B-44C1-BACA-0F23739B44C3}"
EndProject
Project("{FAE04EC0-301F-11D3-BF4B-00C04F79EFBC}") = "RomanToIntTests", "RomanToIntTests\RomanToIntTests.csproj", "{E825AACF-F318-4102-830F-715DC86BCC20}"
EndProject
Global
	GlobalSection(SolutionConfigurationPlatforms) = preSolution
		Debug|Any CPU = Debug|Any CPU
		Release|Any CPU = Release|Any CPU
	EndGlobalSection
	GlobalSection(ProjectConfigurationPlatforms) = postSolution
		{0BD59453-B78B-44C1-BACA-0F23739B44C3}.Debug|Any CPU.ActiveCfg = Debug|Any CPU
		{0BD59453-B78B-44C1-BACA-0F23739B44C3}.Debug|Any CPU.Build.0 = Debug|Any CPU
		{0BD59453-B78B-44C1-BACA-0F23739B44C3}.Release|Any CPU.ActiveCfg = Release|Any CPU
		{0BD59453-B78B-44C1-BACA-0F23739B44C3}.Release|Any CPU.Build.0 = Release|Any CPU
		{E825AACF-F318-4102-830F-715DC86BCC20}.Debug|Any CPU.ActiveCfg = Debug|Any CPU
		{E825AACF-F318-4102-830F-715DC86BCC20}.Debug|Any CPU.Build.0 = Debug|Any CPU
		{E825AACF-F318-4102-830F-715DC86BCC20}.Release|Any CPU.ActiveCfg = Release|Any CPU
		{E825AACF-F318-4102-830F-715DC86BCC20}.Release|Any CPU.Build.0 = Release|Any CPU
	EndGlobalSection
	GlobalSection(SolutionProperties) = preSolution
		HideSolutionNode = FALSE
	EndGlobalSection
	GlobalSection(ExtensibilityGlobals) = postSolution
		SolutionGuid = {059131F0-15CB-451A-9237-C8713D43DEE0}
	EndGlobalSection
EndGlobal
